dependencies:
- name: base
  repository: https://istio-release.storage.googleapis.com/charts
  version: 1.28.2
- name: istiod
  repository: https://istio-release.storage.googleapis.com/charts
  version: 1.28.2
- name: cni
  repository: https://istio-release.storage.googleapis.com/charts
  version: 1.28.2
- name: ztunnel
  repository: https://istio-release.storage.googleapis.com/charts
  version: 1.28.2
- name: gateway
  repository: https://istio-release.storage.googleapis.com/charts
  version: 1.28.2
digest: sha256:aed9cc2ec65099c4e7f925205e9dc2be0fc6cca6878c14e7e4f596bae1370932
generated: "2025-12-25T21:53:46.889272+01:00"
