dependencies:
- name: base
  repository: https://istio-release.storage.googleapis.com/charts
  version: 1.28.2
- name: istiod
  repository: https://istio-release.storage.googleapis.com/charts
  version: 1.28.2
- name: cni
  repository: https://istio-release.storage.googleapis.com/charts
  version: 1.28.2
- name: ztunnel
  repository: https://istio-release.storage.googleapis.com/charts
  version: 1.28.2
digest: sha256:395fe0e232a704e1dcde82926fde3edada85036ba1c94f6f3b9fdc688b5f2842
generated: "2025-12-24T15:24:57.625367+01:00"
